schema: '2.0'
stages:
  get_data:
    cmd: python scripts/data.py
    deps:
    - path: scripts/data.py
      hash: md5
      md5: 2336b7442cd63992902eb94800127e09
      size: 919
    params:
      params.yaml:
        index_col: customer_id
        retrain: true
    outs:
    - path: data/initial_data.csv
      hash: md5
      md5: 132e640e3e3e3df41fb4ea178a46b8cd
      size: 822095
      cloud:
        my_storage:
          etag: 132e640e3e3e3df41fb4ea178a46b8cd
          version_id: 00065C63DC4F58E3
  fit_model:
    cmd: python scripts/fit.py
    deps:
    - path: data/initial_data.csv
      hash: md5
      md5: 132e640e3e3e3df41fb4ea178a46b8cd
      size: 822095
    - path: scripts/fit.py
      hash: md5
      md5: 6e1346ac3a06a3bf7a32c14d0eb8eaa7
      size: 1641
    params:
      params.yaml:
        auto_class_weights: Balanced
        index_col: customer_id
        one_hot_drop: if_binary
        retrain: true
        target_col: target
    outs:
    - path: models/fitted_model.pkl
      hash: md5
      md5: 5aadf17a3982b1db3b91f4f982540ccd
      size: 1096893
      cloud:
        my_storage:
          etag: 5aadf17a3982b1db3b91f4f982540ccd
          version_id: 00065C645A1C15F6
  evaluate_model:
    cmd: python scripts/evaluate.py
    deps:
    - path: models/fitted_model.pkl
      hash: md5
      md5: 5aadf17a3982b1db3b91f4f982540ccd
      size: 1096893
    - path: scripts/evaluate.py
      hash: md5
      md5: 134331b4e67b6559eead54e03e3493b9
      size: 892
    params:
      params.yaml:
        index_col: customer_id
        metrics:
        - f1
        - roc_auc
        n_jobs: -1
        n_splits: 5
        retrain: true
        target_col: target
    outs:
    - path: cv_results/cv_res.json
      hash: md5
      md5: 4c7a7249a84ca75dc37c267b58738f52
      size: 82
      cloud:
        my_storage:
          etag: 4c7a7249a84ca75dc37c267b58738f52
          version_id: 00065C645A1C836F
